<?xml version="1.0" encoding="utf-8"?>
<Project ToolsVersion="4.0" xmlns="http://schemas.microsoft.com/developer/msbuild/2003">
  <ItemGroup>
    <Filter Include="Injected">
      <UniqueIdentifier>{0BDB9DEC-F7A7-F8F7-20C1-E69F0CED2D86}</UniqueIdentifier>
    </Filter>
  </ItemGroup>
  <ItemGroup>
    <ClInclude Include="..\Injected\framework.h">
      <Filter>Injected</Filter>
    </ClInclude>
    <ClInclude Include="..\Injected\pch.h">
      <Filter>Injected</Filter>
    </ClInclude>
  </ItemGroup>
  <ItemGroup>
    <ClCompile Include="..\Injected\dllmain.cpp">
      <Filter>Injected</Filter>
    </ClCompile>
    <ClCompile Include="..\Injected\pch.cpp">
      <Filter>Injected</Filter>
    </ClCompile>
    <ClCompile Include="Rizeq.cpp" />
  </ItemGroup>
</Project>